
Microsoft Visual Studio Solution File, Format Version 12.00
# Visual Studio Version 16
VisualStudioVersion = 16.0.28803.202
MinimumVisualStudioVersion = 10.0.40219.1
Project("{FAE04EC0-301F-11D3-BF4B-00C04F79EFBC}") = "BloodBankMS", "BloodBankMS\BloodBankMS.csproj", "{964E4027-30E6-42CA-8661-A9A209AB15A9}"
EndProject
Global
	GlobalSection(SolutionConfigurationPlatforms) = preSolution
		Debug|Any CPU = Debug|Any CPU
		Release|Any CPU = Release|Any CPU
	EndGlobalSection
	GlobalSection(ProjectConfigurationPlatforms) = postSolution
		{964E4027-30E6-42CA-8661-A9A209AB15A9}.Debug|Any CPU.ActiveCfg = Debug|Any CPU
		{964E4027-30E6-42CA-8661-A9A209AB15A9}.Debug|Any CPU.Build.0 = Debug|Any CPU
		{964E4027-30E6-42CA-8661-A9A209AB15A9}.Release|Any CPU.ActiveCfg = Release|Any CPU
		{964E4027-30E6-42CA-8661-A9A209AB15A9}.Release|Any CPU.Build.0 = Release|Any CPU
	EndGlobalSection
	GlobalSection(SolutionProperties) = preSolution
		HideSolutionNode = FALSE
	EndGlobalSection
	GlobalSection(ExtensibilityGlobals) = postSolution
		SolutionGuid = {953DD26C-B9EC-4458-8087-545C77DF12FA}
	EndGlobalSection
EndGlobal
